// !$*UTF8*$!
{
	archiveVersion = 1;
	classes = {
	};
	objectVersion = 55;
	objects = {

/* Begin PBXBuildFile section */
		9C1FF8F92704C8ED0007FCF6 /* ResponseCodableTests.swift in Sources */ = {isa = PBXBuildFile; fileRef = 9C1FF8F82704C8ED0007FCF6 /* ResponseCodableTests.swift */; };
		9C59BBD82703794500D85EC4 /* AbstractErrorParser.swift in Sources */ = {isa = PBXBuildFile; fileRef = 9C59BBD72703794500D85EC4 /* AbstractErrorParser.swift */; };
		9C59BBDA27037A8200D85EC4 /* ErrorParser.swift in Sources */ = {isa = PBXBuildFile; fileRef = 9C59BBD927037A8200D85EC4 /* ErrorParser.swift */; };
		9C59BBDC27037B1700D85EC4 /* DataRequest.swift in Sources */ = {isa = PBXBuildFile; fileRef = 9C59BBDB27037B1700D85EC4 /* DataRequest.swift */; };
		9C59BBE127037DCD00D85EC4 /* CustomDecodableSerializer.swift in Sources */ = {isa = PBXBuildFile; fileRef = 9C59BBE027037DCD00D85EC4 /* CustomDecodableSerializer.swift */; };
		9C59BBE327037E4C00D85EC4 /* RequestRouter.swift in Sources */ = {isa = PBXBuildFile; fileRef = 9C59BBE227037E4C00D85EC4 /* RequestRouter.swift */; };
		9C59BBE527037EED00D85EC4 /* LoginResult.swift in Sources */ = {isa = PBXBuildFile; fileRef = 9C59BBE427037EED00D85EC4 /* LoginResult.swift */; };
		9C59BBE727037F1A00D85EC4 /* User.swift in Sources */ = {isa = PBXBuildFile; fileRef = 9C59BBE627037F1A00D85EC4 /* User.swift */; };
		9C59BBEA27037F8100D85EC4 /* AuthRequestFactory.swift in Sources */ = {isa = PBXBuildFile; fileRef = 9C59BBE927037F8100D85EC4 /* AuthRequestFactory.swift */; };
		9C59BBEC27037FC800D85EC4 /* Auth.swift in Sources */ = {isa = PBXBuildFile; fileRef = 9C59BBEB27037FC800D85EC4 /* Auth.swift */; };
		9C59BBEE270380B500D85EC4 /* RequestFactory.swift in Sources */ = {isa = PBXBuildFile; fileRef = 9C59BBED270380B500D85EC4 /* RequestFactory.swift */; };
		9C9A197B27020FF500D5F080 /* AppDelegate.swift in Sources */ = {isa = PBXBuildFile; fileRef = 9C9A197A27020FF500D5F080 /* AppDelegate.swift */; };
		9C9A197D27020FF500D5F080 /* SceneDelegate.swift in Sources */ = {isa = PBXBuildFile; fileRef = 9C9A197C27020FF500D5F080 /* SceneDelegate.swift */; };
		9C9A197F27020FF500D5F080 /* ViewController.swift in Sources */ = {isa = PBXBuildFile; fileRef = 9C9A197E27020FF500D5F080 /* ViewController.swift */; };
		9C9A198227020FF500D5F080 /* Main.storyboard in Resources */ = {isa = PBXBuildFile; fileRef = 9C9A198027020FF500D5F080 /* Main.storyboard */; };
		9C9A198427020FF700D5F080 /* Assets.xcassets in Resources */ = {isa = PBXBuildFile; fileRef = 9C9A198327020FF700D5F080 /* Assets.xcassets */; };
		9C9A198727020FF700D5F080 /* LaunchScreen.storyboard in Resources */ = {isa = PBXBuildFile; fileRef = 9C9A198527020FF700D5F080 /* LaunchScreen.storyboard */; };
		9C9A199227020FF800D5F080 /* GBShopTests.swift in Sources */ = {isa = PBXBuildFile; fileRef = 9C9A199127020FF800D5F080 /* GBShopTests.swift */; };
		9C9A199C27020FF800D5F080 /* GBShopUITests.swift in Sources */ = {isa = PBXBuildFile; fileRef = 9C9A199B27020FF800D5F080 /* GBShopUITests.swift */; };
		9C9A199E27020FF800D5F080 /* GBShopUITestsLaunchTests.swift in Sources */ = {isa = PBXBuildFile; fileRef = 9C9A199D27020FF800D5F080 /* GBShopUITestsLaunchTests.swift */; };
		9CEDA5D22705987D00C802D2 /* Alamofire in Frameworks */ = {isa = PBXBuildFile; productRef = 9CEDA5D12705987D00C802D2 /* Alamofire */; };
		9CEDA5D42705A4CB00C802D2 /* ProductsResult.swift in Sources */ = {isa = PBXBuildFile; fileRef = 9CEDA5D32705A4CB00C802D2 /* ProductsResult.swift */; };
		9CEDA5D92705A67200C802D2 /* ProductsListRequestFactory.swift in Sources */ = {isa = PBXBuildFile; fileRef = 9CEDA5D82705A67200C802D2 /* ProductsListRequestFactory.swift */; };
		9CEDA5DB2705A79C00C802D2 /* GetListOfProducts.swift in Sources */ = {isa = PBXBuildFile; fileRef = 9CEDA5DA2705A79C00C802D2 /* GetListOfProducts.swift */; };
		9CEDA5DF2705B32A00C802D2 /* CardProductResult.swift in Sources */ = {isa = PBXBuildFile; fileRef = 9CEDA5DE2705B32A00C802D2 /* CardProductResult.swift */; };
		9CEDA5E22705B38C00C802D2 /* CardProductRequestFactory.swift in Sources */ = {isa = PBXBuildFile; fileRef = 9CEDA5E12705B38C00C802D2 /* CardProductRequestFactory.swift */; };
		9CEDA5E42705B43500C802D2 /* GetCardProduct.swift in Sources */ = {isa = PBXBuildFile; fileRef = 9CEDA5E32705B43500C802D2 /* GetCardProduct.swift */; };
		9CF4FDA4270DB8A200F39FFA /* AddReviewResult.swift in Sources */ = {isa = PBXBuildFile; fileRef = 9CF4FDA3270DB8A200F39FFA /* AddReviewResult.swift */; };
		9CF4FDA6270DB92D00F39FFA /* ApproveReviewResult.swift in Sources */ = {isa = PBXBuildFile; fileRef = 9CF4FDA5270DB92D00F39FFA /* ApproveReviewResult.swift */; };
		9CF4FDAA270DBAC700F39FFA /* AddReviewRequestFactory.swift in Sources */ = {isa = PBXBuildFile; fileRef = 9CF4FDA9270DBAC700F39FFA /* AddReviewRequestFactory.swift */; };
		9CF4FDAC270DBAFB00F39FFA /* AddReview.swift in Sources */ = {isa = PBXBuildFile; fileRef = 9CF4FDAB270DBAFB00F39FFA /* AddReview.swift */; };
		9CF4FDAE270DBE1300F39FFA /* ApproveReviewRequestFactory.swift in Sources */ = {isa = PBXBuildFile; fileRef = 9CF4FDAD270DBE1300F39FFA /* ApproveReviewRequestFactory.swift */; };
		9CF4FDB0270DBE2300F39FFA /* ApproveReview.swift in Sources */ = {isa = PBXBuildFile; fileRef = 9CF4FDAF270DBE2300F39FFA /* ApproveReview.swift */; };
		9CF4FDB2270DBFDD00F39FFA /* RemoveReviewRequestFactory.swift in Sources */ = {isa = PBXBuildFile; fileRef = 9CF4FDB1270DBFDD00F39FFA /* RemoveReviewRequestFactory.swift */; };
		9CF4FDB4270DBFEA00F39FFA /* RemoveReview.swift in Sources */ = {isa = PBXBuildFile; fileRef = 9CF4FDB3270DBFEA00F39FFA /* RemoveReview.swift */; };
		9CF4FDB6270DC27600F39FFA /* RemoveReviewResult.swift in Sources */ = {isa = PBXBuildFile; fileRef = 9CF4FDB5270DC27600F39FFA /* RemoveReviewResult.swift */; };
/* End PBXBuildFile section */

/* Begin PBXContainerItemProxy section */
		9C9A198E27020FF800D5F080 /* PBXContainerItemProxy */ = {
			isa = PBXContainerItemProxy;
			containerPortal = 9C9A196F27020FF500D5F080 /* Project object */;
			proxyType = 1;
			remoteGlobalIDString = 9C9A197627020FF500D5F080;
			remoteInfo = GBShop;
		};
		9C9A199827020FF800D5F080 /* PBXContainerItemProxy */ = {
			isa = PBXContainerItemProxy;
			containerPortal = 9C9A196F27020FF500D5F080 /* Project object */;
			proxyType = 1;
			remoteGlobalIDString = 9C9A197627020FF500D5F080;
			remoteInfo = GBShop;
		};
/* End PBXContainerItemProxy section */

/* Begin PBXFileReference section */
		9C1FF8F82704C8ED0007FCF6 /* ResponseCodableTests.swift */ = {isa = PBXFileReference; lastKnownFileType = sourcecode.swift; path = ResponseCodableTests.swift; sourceTree = "<group>"; };
		9C59BBD72703794500D85EC4 /* AbstractErrorParser.swift */ = {isa = PBXFileReference; lastKnownFileType = sourcecode.swift; path = AbstractErrorParser.swift; sourceTree = "<group>"; };
		9C59BBD927037A8200D85EC4 /* ErrorParser.swift */ = {isa = PBXFileReference; lastKnownFileType = sourcecode.swift; path = ErrorParser.swift; sourceTree = "<group>"; };
		9C59BBDB27037B1700D85EC4 /* DataRequest.swift */ = {isa = PBXFileReference; lastKnownFileType = sourcecode.swift; path = DataRequest.swift; sourceTree = "<group>"; };
		9C59BBE027037DCD00D85EC4 /* CustomDecodableSerializer.swift */ = {isa = PBXFileReference; lastKnownFileType = sourcecode.swift; path = CustomDecodableSerializer.swift; sourceTree = "<group>"; };
		9C59BBE227037E4C00D85EC4 /* RequestRouter.swift */ = {isa = PBXFileReference; lastKnownFileType = sourcecode.swift; path = RequestRouter.swift; sourceTree = "<group>"; };
		9C59BBE427037EED00D85EC4 /* LoginResult.swift */ = {isa = PBXFileReference; lastKnownFileType = sourcecode.swift; path = LoginResult.swift; sourceTree = "<group>"; };
		9C59BBE627037F1A00D85EC4 /* User.swift */ = {isa = PBXFileReference; lastKnownFileType = sourcecode.swift; path = User.swift; sourceTree = "<group>"; };
		9C59BBE927037F8100D85EC4 /* AuthRequestFactory.swift */ = {isa = PBXFileReference; lastKnownFileType = sourcecode.swift; path = AuthRequestFactory.swift; sourceTree = "<group>"; };
		9C59BBEB27037FC800D85EC4 /* Auth.swift */ = {isa = PBXFileReference; lastKnownFileType = sourcecode.swift; path = Auth.swift; sourceTree = "<group>"; };
		9C59BBED270380B500D85EC4 /* RequestFactory.swift */ = {isa = PBXFileReference; lastKnownFileType = sourcecode.swift; path = RequestFactory.swift; sourceTree = "<group>"; };
		9C9A197727020FF500D5F080 /* GBShop.app */ = {isa = PBXFileReference; explicitFileType = wrapper.application; includeInIndex = 0; path = GBShop.app; sourceTree = BUILT_PRODUCTS_DIR; };
		9C9A197A27020FF500D5F080 /* AppDelegate.swift */ = {isa = PBXFileReference; lastKnownFileType = sourcecode.swift; path = AppDelegate.swift; sourceTree = "<group>"; };
		9C9A197C27020FF500D5F080 /* SceneDelegate.swift */ = {isa = PBXFileReference; lastKnownFileType = sourcecode.swift; path = SceneDelegate.swift; sourceTree = "<group>"; };
		9C9A197E27020FF500D5F080 /* ViewController.swift */ = {isa = PBXFileReference; lastKnownFileType = sourcecode.swift; path = ViewController.swift; sourceTree = "<group>"; };
		9C9A198127020FF500D5F080 /* Base */ = {isa = PBXFileReference; lastKnownFileType = file.storyboard; name = Base; path = Base.lproj/Main.storyboard; sourceTree = "<group>"; };
		9C9A198327020FF700D5F080 /* Assets.xcassets */ = {isa = PBXFileReference; lastKnownFileType = folder.assetcatalog; path = Assets.xcassets; sourceTree = "<group>"; };
		9C9A198627020FF700D5F080 /* Base */ = {isa = PBXFileReference; lastKnownFileType = file.storyboard; name = Base; path = Base.lproj/LaunchScreen.storyboard; sourceTree = "<group>"; };
		9C9A198827020FF700D5F080 /* Info.plist */ = {isa = PBXFileReference; lastKnownFileType = text.plist.xml; path = Info.plist; sourceTree = "<group>"; };
		9C9A198D27020FF800D5F080 /* GBShopTests.xctest */ = {isa = PBXFileReference; explicitFileType = wrapper.cfbundle; includeInIndex = 0; path = GBShopTests.xctest; sourceTree = BUILT_PRODUCTS_DIR; };
		9C9A199127020FF800D5F080 /* GBShopTests.swift */ = {isa = PBXFileReference; lastKnownFileType = sourcecode.swift; path = GBShopTests.swift; sourceTree = "<group>"; };
		9C9A199727020FF800D5F080 /* GBShopUITests.xctest */ = {isa = PBXFileReference; explicitFileType = wrapper.cfbundle; includeInIndex = 0; path = GBShopUITests.xctest; sourceTree = BUILT_PRODUCTS_DIR; };
		9C9A199B27020FF800D5F080 /* GBShopUITests.swift */ = {isa = PBXFileReference; lastKnownFileType = sourcecode.swift; path = GBShopUITests.swift; sourceTree = "<group>"; };
		9C9A199D27020FF800D5F080 /* GBShopUITestsLaunchTests.swift */ = {isa = PBXFileReference; lastKnownFileType = sourcecode.swift; path = GBShopUITestsLaunchTests.swift; sourceTree = "<group>"; };
		9CEDA5D32705A4CB00C802D2 /* ProductsResult.swift */ = {isa = PBXFileReference; lastKnownFileType = sourcecode.swift; path = ProductsResult.swift; sourceTree = "<group>"; };
		9CEDA5D82705A67200C802D2 /* ProductsListRequestFactory.swift */ = {isa = PBXFileReference; lastKnownFileType = sourcecode.swift; path = ProductsListRequestFactory.swift; sourceTree = "<group>"; };
		9CEDA5DA2705A79C00C802D2 /* GetListOfProducts.swift */ = {isa = PBXFileReference; lastKnownFileType = sourcecode.swift; path = GetListOfProducts.swift; sourceTree = "<group>"; };
		9CEDA5DE2705B32A00C802D2 /* CardProductResult.swift */ = {isa = PBXFileReference; lastKnownFileType = sourcecode.swift; path = CardProductResult.swift; sourceTree = "<group>"; };
		9CEDA5E12705B38C00C802D2 /* CardProductRequestFactory.swift */ = {isa = PBXFileReference; lastKnownFileType = sourcecode.swift; path = CardProductRequestFactory.swift; sourceTree = "<group>"; };
		9CEDA5E32705B43500C802D2 /* GetCardProduct.swift */ = {isa = PBXFileReference; lastKnownFileType = sourcecode.swift; path = GetCardProduct.swift; sourceTree = "<group>"; };
		9CF4FDA3270DB8A200F39FFA /* AddReviewResult.swift */ = {isa = PBXFileReference; lastKnownFileType = sourcecode.swift; path = AddReviewResult.swift; sourceTree = "<group>"; };
		9CF4FDA5270DB92D00F39FFA /* ApproveReviewResult.swift */ = {isa = PBXFileReference; lastKnownFileType = sourcecode.swift; path = ApproveReviewResult.swift; sourceTree = "<group>"; };
		9CF4FDA9270DBAC700F39FFA /* AddReviewRequestFactory.swift */ = {isa = PBXFileReference; lastKnownFileType = sourcecode.swift; path = AddReviewRequestFactory.swift; sourceTree = "<group>"; };
		9CF4FDAB270DBAFB00F39FFA /* AddReview.swift */ = {isa = PBXFileReference; lastKnownFileType = sourcecode.swift; path = AddReview.swift; sourceTree = "<group>"; };
		9CF4FDAD270DBE1300F39FFA /* ApproveReviewRequestFactory.swift */ = {isa = PBXFileReference; lastKnownFileType = sourcecode.swift; path = ApproveReviewRequestFactory.swift; sourceTree = "<group>"; };
		9CF4FDAF270DBE2300F39FFA /* ApproveReview.swift */ = {isa = PBXFileReference; lastKnownFileType = sourcecode.swift; path = ApproveReview.swift; sourceTree = "<group>"; };
		9CF4FDB1270DBFDD00F39FFA /* RemoveReviewRequestFactory.swift */ = {isa = PBXFileReference; lastKnownFileType = sourcecode.swift; path = RemoveReviewRequestFactory.swift; sourceTree = "<group>"; };
		9CF4FDB3270DBFEA00F39FFA /* RemoveReview.swift */ = {isa = PBXFileReference; lastKnownFileType = sourcecode.swift; path = RemoveReview.swift; sourceTree = "<group>"; };
		9CF4FDB5270DC27600F39FFA /* RemoveReviewResult.swift */ = {isa = PBXFileReference; lastKnownFileType = sourcecode.swift; path = RemoveReviewResult.swift; sourceTree = "<group>"; };
/* End PBXFileReference section */

/* Begin PBXFrameworksBuildPhase section */
		9C9A197427020FF500D5F080 /* Frameworks */ = {
			isa = PBXFrameworksBuildPhase;
			buildActionMask = 2147483647;
			files = (
				9CEDA5D22705987D00C802D2 /* Alamofire in Frameworks */,
			);
			runOnlyForDeploymentPostprocessing = 0;
		};
		9C9A198A27020FF800D5F080 /* Frameworks */ = {
			isa = PBXFrameworksBuildPhase;
			buildActionMask = 2147483647;
			files = (
			);
			runOnlyForDeploymentPostprocessing = 0;
		};
		9C9A199427020FF800D5F080 /* Frameworks */ = {
			isa = PBXFrameworksBuildPhase;
			buildActionMask = 2147483647;
			files = (
			);
			runOnlyForDeploymentPostprocessing = 0;
		};
/* End PBXFrameworksBuildPhase section */

/* Begin PBXGroup section */
		9C59BBD62703791500D85EC4 /* Network */ = {
			isa = PBXGroup;
			children = (
				9C59BBD72703794500D85EC4 /* AbstractErrorParser.swift */,
				9C59BBD927037A8200D85EC4 /* ErrorParser.swift */,
				9C59BBE027037DCD00D85EC4 /* CustomDecodableSerializer.swift */,
				9C59BBDB27037B1700D85EC4 /* DataRequest.swift */,
				9C59BBE227037E4C00D85EC4 /* RequestRouter.swift */,
			);
			path = Network;
			sourceTree = "<group>";
		};
		9C59BBE827037F6700D85EC4 /* Network */ = {
			isa = PBXGroup;
			children = (
				9C59BBED270380B500D85EC4 /* RequestFactory.swift */,
				9CEDA5DC2705AA5F00C802D2 /* Auth */,
				9CEDA5DD2705AA7700C802D2 /* ProductList */,
				9CEDA5E02705B36600C802D2 /* CardProduct */,
				9CF4FDA7270DBA7E00F39FFA /* Review */,
			);
			path = Network;
			sourceTree = "<group>";
		};
		9C9A196E27020FF500D5F080 = {
			isa = PBXGroup;
			children = (
				9C9A197927020FF500D5F080 /* GBShop */,
				9C9A199027020FF800D5F080 /* GBShopTests */,
				9C9A199A27020FF800D5F080 /* GBShopUITests */,
				9C9A197827020FF500D5F080 /* Products */,
			);
			sourceTree = "<group>";
		};
		9C9A197827020FF500D5F080 /* Products */ = {
			isa = PBXGroup;
			children = (
				9C9A197727020FF500D5F080 /* GBShop.app */,
				9C9A198D27020FF800D5F080 /* GBShopTests.xctest */,
				9C9A199727020FF800D5F080 /* GBShopUITests.xctest */,
			);
			name = Products;
			sourceTree = "<group>";
		};
		9C9A197927020FF500D5F080 /* GBShop */ = {
			isa = PBXGroup;
			children = (
				9CF3DD1D2702171B009D9A76 /* App */,
				9C9A197C27020FF500D5F080 /* SceneDelegate.swift */,
				9CF3DD22270217BE009D9A76 /* Core */,
				9CF3DD23270217C6009D9A76 /* Resources */,
				9CF3DD24270217DB009D9A76 /* Environments */,
			);
			path = GBShop;
			sourceTree = "<group>";
		};
		9C9A199027020FF800D5F080 /* GBShopTests */ = {
			isa = PBXGroup;
			children = (
				9C9A199127020FF800D5F080 /* GBShopTests.swift */,
				9C1FF8F82704C8ED0007FCF6 /* ResponseCodableTests.swift */,
			);
			path = GBShopTests;
			sourceTree = "<group>";
		};
		9C9A199A27020FF800D5F080 /* GBShopUITests */ = {
			isa = PBXGroup;
			children = (
				9C9A199B27020FF800D5F080 /* GBShopUITests.swift */,
				9C9A199D27020FF800D5F080 /* GBShopUITestsLaunchTests.swift */,
			);
			path = GBShopUITests;
			sourceTree = "<group>";
		};
		9CEDA5DC2705AA5F00C802D2 /* Auth */ = {
			isa = PBXGroup;
			children = (
				9C59BBE927037F8100D85EC4 /* AuthRequestFactory.swift */,
				9C59BBEB27037FC800D85EC4 /* Auth.swift */,
			);
			path = Auth;
			sourceTree = "<group>";
		};
		9CEDA5DD2705AA7700C802D2 /* ProductList */ = {
			isa = PBXGroup;
			children = (
				9CEDA5D82705A67200C802D2 /* ProductsListRequestFactory.swift */,
				9CEDA5DA2705A79C00C802D2 /* GetListOfProducts.swift */,
			);
			path = ProductList;
			sourceTree = "<group>";
		};
		9CEDA5E02705B36600C802D2 /* CardProduct */ = {
			isa = PBXGroup;
			children = (
				9CEDA5E12705B38C00C802D2 /* CardProductRequestFactory.swift */,
				9CEDA5E32705B43500C802D2 /* GetCardProduct.swift */,
			);
			path = CardProduct;
			sourceTree = "<group>";
		};
		9CF3DD1D2702171B009D9A76 /* App */ = {
			isa = PBXGroup;
			children = (
				9C9A197A27020FF500D5F080 /* AppDelegate.swift */,
				9CF3DD1E27021729009D9A76 /* BusinessLogic */,
				9CF3DD1F27021753009D9A76 /* Entity */,
				9CF3DD202702178D009D9A76 /* Assembly */,
				9CF3DD21270217AB009D9A76 /* Flows */,
			);
			path = App;
			sourceTree = "<group>";
		};
		9CF3DD1E27021729009D9A76 /* BusinessLogic */ = {
			isa = PBXGroup;
			children = (
				9C59BBE827037F6700D85EC4 /* Network */,
			);
			path = BusinessLogic;
			sourceTree = "<group>";
		};
		9CF3DD1F27021753009D9A76 /* Entity */ = {
			isa = PBXGroup;
			children = (
				9C59BBE427037EED00D85EC4 /* LoginResult.swift */,
				9C59BBE627037F1A00D85EC4 /* User.swift */,
				9CEDA5D32705A4CB00C802D2 /* ProductsResult.swift */,
				9CEDA5DE2705B32A00C802D2 /* CardProductResult.swift */,
				9CF4FDA3270DB8A200F39FFA /* AddReviewResult.swift */,
				9CF4FDA5270DB92D00F39FFA /* ApproveReviewResult.swift */,
				9CF4FDB5270DC27600F39FFA /* RemoveReviewResult.swift */,
			);
			path = Entity;
			sourceTree = "<group>";
		};
		9CF3DD202702178D009D9A76 /* Assembly */ = {
			isa = PBXGroup;
			children = (
			);
			path = Assembly;
			sourceTree = "<group>";
		};
		9CF3DD21270217AB009D9A76 /* Flows */ = {
			isa = PBXGroup;
			children = (
				9C9A198027020FF500D5F080 /* Main.storyboard */,
				9C9A197E27020FF500D5F080 /* ViewController.swift */,
			);
			path = Flows;
			sourceTree = "<group>";
		};
		9CF3DD22270217BE009D9A76 /* Core */ = {
			isa = PBXGroup;
			children = (
				9C59BBD62703791500D85EC4 /* Network */,
			);
			path = Core;
			sourceTree = "<group>";
		};
		9CF3DD23270217C6009D9A76 /* Resources */ = {
			isa = PBXGroup;
			children = (
				9C9A198327020FF700D5F080 /* Assets.xcassets */,
				9C9A198527020FF700D5F080 /* LaunchScreen.storyboard */,
			);
			path = Resources;
			sourceTree = "<group>";
		};
		9CF3DD24270217DB009D9A76 /* Environments */ = {
			isa = PBXGroup;
			children = (
				9C9A198827020FF700D5F080 /* Info.plist */,
			);
			path = Environments;
			sourceTree = "<group>";
		};
		9CF4FDA7270DBA7E00F39FFA /* Review */ = {
			isa = PBXGroup;
			children = (
				9CF4FDA9270DBAC700F39FFA /* AddReviewRequestFactory.swift */,
				9CF4FDAB270DBAFB00F39FFA /* AddReview.swift */,
				9CF4FDAD270DBE1300F39FFA /* ApproveReviewRequestFactory.swift */,
				9CF4FDAF270DBE2300F39FFA /* ApproveReview.swift */,
				9CF4FDB1270DBFDD00F39FFA /* RemoveReviewRequestFactory.swift */,
				9CF4FDB3270DBFEA00F39FFA /* RemoveReview.swift */,
			);
			path = Review;
			sourceTree = "<group>";
		};
/* End PBXGroup section */

/* Begin PBXNativeTarget section */
		9C9A197627020FF500D5F080 /* GBShop */ = {
			isa = PBXNativeTarget;
			buildConfigurationList = 9C9A19A127020FF800D5F080 /* Build configuration list for PBXNativeTarget "GBShop" */;
			buildPhases = (
				9C9A197327020FF500D5F080 /* Sources */,
				9C9A197427020FF500D5F080 /* Frameworks */,
				9C9A197527020FF500D5F080 /* Resources */,
			);
			buildRules = (
			);
			dependencies = (
			);
			name = GBShop;
			packageProductDependencies = (
				9CEDA5D12705987D00C802D2 /* Alamofire */,
			);
			productName = GBShop;
			productReference = 9C9A197727020FF500D5F080 /* GBShop.app */;
			productType = "com.apple.product-type.application";
		};
		9C9A198C27020FF800D5F080 /* GBShopTests */ = {
			isa = PBXNativeTarget;
			buildConfigurationList = 9C9A19A427020FF800D5F080 /* Build configuration list for PBXNativeTarget "GBShopTests" */;
			buildPhases = (
				9C9A198927020FF800D5F080 /* Sources */,
				9C9A198A27020FF800D5F080 /* Frameworks */,
				9C9A198B27020FF800D5F080 /* Resources */,
			);
			buildRules = (
			);
			dependencies = (
				9C9A198F27020FF800D5F080 /* PBXTargetDependency */,
			);
			name = GBShopTests;
			productName = GBShopTests;
			productReference = 9C9A198D27020FF800D5F080 /* GBShopTests.xctest */;
			productType = "com.apple.product-type.bundle.unit-test";
		};
		9C9A199627020FF800D5F080 /* GBShopUITests */ = {
			isa = PBXNativeTarget;
			buildConfigurationList = 9C9A19A727020FF800D5F080 /* Build configuration list for PBXNativeTarget "GBShopUITests" */;
			buildPhases = (
				9C9A199327020FF800D5F080 /* Sources */,
				9C9A199427020FF800D5F080 /* Frameworks */,
				9C9A199527020FF800D5F080 /* Resources */,
			);
			buildRules = (
			);
			dependencies = (
				9C9A199927020FF800D5F080 /* PBXTargetDependency */,
			);
			name = GBShopUITests;
			productName = GBShopUITests;
			productReference = 9C9A199727020FF800D5F080 /* GBShopUITests.xctest */;
			productType = "com.apple.product-type.bundle.ui-testing";
		};
/* End PBXNativeTarget section */

/* Begin PBXProject section */
		9C9A196F27020FF500D5F080 /* Project object */ = {
			isa = PBXProject;
			attributes = {
				BuildIndependentTargetsInParallel = 1;
				LastSwiftUpdateCheck = 1300;
				LastUpgradeCheck = 1300;
				TargetAttributes = {
					9C9A197627020FF500D5F080 = {
						CreatedOnToolsVersion = 13.0;
					};
					9C9A198C27020FF800D5F080 = {
						CreatedOnToolsVersion = 13.0;
						TestTargetID = 9C9A197627020FF500D5F080;
					};
					9C9A199627020FF800D5F080 = {
						CreatedOnToolsVersion = 13.0;
						TestTargetID = 9C9A197627020FF500D5F080;
					};
				};
			};
			buildConfigurationList = 9C9A197227020FF500D5F080 /* Build configuration list for PBXProject "GBShop" */;
			compatibilityVersion = "Xcode 13.0";
			developmentRegion = en;
			hasScannedForEncodings = 0;
			knownRegions = (
				en,
				Base,
			);
			mainGroup = 9C9A196E27020FF500D5F080;
			packageReferences = (
				9CEDA5D02705987D00C802D2 /* XCRemoteSwiftPackageReference "Alamofire" */,
			);
			productRefGroup = 9C9A197827020FF500D5F080 /* Products */;
			projectDirPath = "";
			projectRoot = "";
			targets = (
				9C9A197627020FF500D5F080 /* GBShop */,
				9C9A198C27020FF800D5F080 /* GBShopTests */,
				9C9A199627020FF800D5F080 /* GBShopUITests */,
			);
		};
/* End PBXProject section */

/* Begin PBXResourcesBuildPhase section */
		9C9A197527020FF500D5F080 /* Resources */ = {
			isa = PBXResourcesBuildPhase;
			buildActionMask = 2147483647;
			files = (
				9C9A198727020FF700D5F080 /* LaunchScreen.storyboard in Resources */,
				9C9A198427020FF700D5F080 /* Assets.xcassets in Resources */,
				9C9A198227020FF500D5F080 /* Main.storyboard in Resources */,
			);
			runOnlyForDeploymentPostprocessing = 0;
		};
		9C9A198B27020FF800D5F080 /* Resources */ = {
			isa = PBXResourcesBuildPhase;
			buildActionMask = 2147483647;
			files = (
			);
			runOnlyForDeploymentPostprocessing = 0;
		};
		9C9A199527020FF800D5F080 /* Resources */ = {
			isa = PBXResourcesBuildPhase;
			buildActionMask = 2147483647;
			files = (
			);
			runOnlyForDeploymentPostprocessing = 0;
		};
/* End PBXResourcesBuildPhase section */

/* Begin PBXSourcesBuildPhase section */
		9C9A197327020FF500D5F080 /* Sources */ = {
			isa = PBXSourcesBuildPhase;
			buildActionMask = 2147483647;
			files = (
				9CEDA5DF2705B32A00C802D2 /* CardProductResult.swift in Sources */,
				9C59BBEA27037F8100D85EC4 /* AuthRequestFactory.swift in Sources */,
				9CF4FDB2270DBFDD00F39FFA /* RemoveReviewRequestFactory.swift in Sources */,
				9C59BBE327037E4C00D85EC4 /* RequestRouter.swift in Sources */,
				9CEDA5E42705B43500C802D2 /* GetCardProduct.swift in Sources */,
				9CF4FDAE270DBE1300F39FFA /* ApproveReviewRequestFactory.swift in Sources */,
				9C59BBDA27037A8200D85EC4 /* ErrorParser.swift in Sources */,
				9C59BBEE270380B500D85EC4 /* RequestFactory.swift in Sources */,
				9CEDA5DB2705A79C00C802D2 /* GetListOfProducts.swift in Sources */,
				9C9A197F27020FF500D5F080 /* ViewController.swift in Sources */,
				9CF4FDB6270DC27600F39FFA /* RemoveReviewResult.swift in Sources */,
				9C9A197B27020FF500D5F080 /* AppDelegate.swift in Sources */,
				9CF4FDA6270DB92D00F39FFA /* ApproveReviewResult.swift in Sources */,
				9CEDA5D42705A4CB00C802D2 /* ProductsResult.swift in Sources */,
				9CF4FDAC270DBAFB00F39FFA /* AddReview.swift in Sources */,
				9CF4FDB4270DBFEA00F39FFA /* RemoveReview.swift in Sources */,
				9CEDA5D92705A67200C802D2 /* ProductsListRequestFactory.swift in Sources */,
				9CEDA5E22705B38C00C802D2 /* CardProductRequestFactory.swift in Sources */,
				9C59BBDC27037B1700D85EC4 /* DataRequest.swift in Sources */,
				9CF4FDAA270DBAC700F39FFA /* AddReviewRequestFactory.swift in Sources */,
				9C59BBE127037DCD00D85EC4 /* CustomDecodableSerializer.swift in Sources */,
				9CF4FDA4270DB8A200F39FFA /* AddReviewResult.swift in Sources */,
				9C59BBE527037EED00D85EC4 /* LoginResult.swift in Sources */,
				9C9A197D27020FF500D5F080 /* SceneDelegate.swift in Sources */,
				9C59BBE727037F1A00D85EC4 /* User.swift in Sources */,
				9C59BBD82703794500D85EC4 /* AbstractErrorParser.swift in Sources */,
				9CF4FDB0270DBE2300F39FFA /* ApproveReview.swift in Sources */,
				9C59BBEC27037FC800D85EC4 /* Auth.swift in Sources */,
			);
			runOnlyForDeploymentPostprocessing = 0;
		};
		9C9A198927020FF800D5F080 /* Sources */ = {
			isa = PBXSourcesBuildPhase;
			buildActionMask = 2147483647;
			files = (
				9C9A199227020FF800D5F080 /* GBShopTests.swift in Sources */,
				9C1FF8F92704C8ED0007FCF6 /* ResponseCodableTests.swift in Sources */,
			);
			runOnlyForDeploymentPostprocessing = 0;
		};
		9C9A199327020FF800D5F080 /* Sources */ = {
			isa = PBXSourcesBuildPhase;
			buildActionMask = 2147483647;
			files = (
				9C9A199C27020FF800D5F080 /* GBShopUITests.swift in Sources */,
				9C9A199E27020FF800D5F080 /* GBShopUITestsLaunchTests.swift in Sources */,
			);
			runOnlyForDeploymentPostprocessing = 0;
		};
/* End PBXSourcesBuildPhase section */

/* Begin PBXTargetDependency section */
		9C9A198F27020FF800D5F080 /* PBXTargetDependency */ = {
			isa = PBXTargetDependency;
			target = 9C9A197627020FF500D5F080 /* GBShop */;
			targetProxy = 9C9A198E27020FF800D5F080 /* PBXContainerItemProxy */;
		};
		9C9A199927020FF800D5F080 /* PBXTargetDependency */ = {
			isa = PBXTargetDependency;
			target = 9C9A197627020FF500D5F080 /* GBShop */;
			targetProxy = 9C9A199827020FF800D5F080 /* PBXContainerItemProxy */;
		};
/* End PBXTargetDependency section */

/* Begin PBXVariantGroup section */
		9C9A198027020FF500D5F080 /* Main.storyboard */ = {
			isa = PBXVariantGroup;
			children = (
				9C9A198127020FF500D5F080 /* Base */,
			);
			name = Main.storyboard;
			sourceTree = "<group>";
		};
		9C9A198527020FF700D5F080 /* LaunchScreen.storyboard */ = {
			isa = PBXVariantGroup;
			children = (
				9C9A198627020FF700D5F080 /* Base */,
			);
			name = LaunchScreen.storyboard;
			sourceTree = "<group>";
		};
/* End PBXVariantGroup section */

/* Begin XCBuildConfiguration section */
		9C9A199F27020FF800D5F080 /* Debug */ = {
			isa = XCBuildConfiguration;
			buildSettings = {
				ALWAYS_SEARCH_USER_PATHS = NO;
				CLANG_ANALYZER_NONNULL = YES;
				CLANG_ANALYZER_NUMBER_OBJECT_CONVERSION = YES_AGGRESSIVE;
				CLANG_CXX_LANGUAGE_STANDARD = "gnu++17";
				CLANG_CXX_LIBRARY = "libc++";
				CLANG_ENABLE_MODULES = YES;
				CLANG_ENABLE_OBJC_ARC = YES;
				CLANG_ENABLE_OBJC_WEAK = YES;
				CLANG_WARN_BLOCK_CAPTURE_AUTORELEASING = YES;
				CLANG_WARN_BOOL_CONVERSION = YES;
				CLANG_WARN_COMMA = YES;
				CLANG_WARN_CONSTANT_CONVERSION = YES;
				CLANG_WARN_DEPRECATED_OBJC_IMPLEMENTATIONS = YES;
				CLANG_WARN_DIRECT_OBJC_ISA_USAGE = YES_ERROR;
				CLANG_WARN_DOCUMENTATION_COMMENTS = YES;
				CLANG_WARN_EMPTY_BODY = YES;
				CLANG_WARN_ENUM_CONVERSION = YES;
				CLANG_WARN_INFINITE_RECURSION = YES;
				CLANG_WARN_INT_CONVERSION = YES;
				CLANG_WARN_NON_LITERAL_NULL_CONVERSION = YES;
				CLANG_WARN_OBJC_IMPLICIT_RETAIN_SELF = YES;
				CLANG_WARN_OBJC_LITERAL_CONVERSION = YES;
				CLANG_WARN_OBJC_ROOT_CLASS = YES_ERROR;
				CLANG_WARN_QUOTED_INCLUDE_IN_FRAMEWORK_HEADER = YES;
				CLANG_WARN_RANGE_LOOP_ANALYSIS = YES;
				CLANG_WARN_STRICT_PROTOTYPES = YES;
				CLANG_WARN_SUSPICIOUS_MOVE = YES;
				CLANG_WARN_UNGUARDED_AVAILABILITY = YES_AGGRESSIVE;
				CLANG_WARN_UNREACHABLE_CODE = YES;
				CLANG_WARN__DUPLICATE_METHOD_MATCH = YES;
				COPY_PHASE_STRIP = NO;
				DEBUG_INFORMATION_FORMAT = dwarf;
				ENABLE_STRICT_OBJC_MSGSEND = YES;
				ENABLE_TESTABILITY = YES;
				GCC_C_LANGUAGE_STANDARD = gnu11;
				GCC_DYNAMIC_NO_PIC = NO;
				GCC_NO_COMMON_BLOCKS = YES;
				GCC_OPTIMIZATION_LEVEL = 0;
				GCC_PREPROCESSOR_DEFINITIONS = (
					"DEBUG=1",
					"$(inherited)",
				);
				GCC_WARN_64_TO_32_BIT_CONVERSION = YES;
				GCC_WARN_ABOUT_RETURN_TYPE = YES_ERROR;
				GCC_WARN_UNDECLARED_SELECTOR = YES;
				GCC_WARN_UNINITIALIZED_AUTOS = YES_AGGRESSIVE;
				GCC_WARN_UNUSED_FUNCTION = YES;
				GCC_WARN_UNUSED_VARIABLE = YES;
				IPHONEOS_DEPLOYMENT_TARGET = 15.0;
				MTL_ENABLE_DEBUG_INFO = INCLUDE_SOURCE;
				MTL_FAST_MATH = YES;
				ONLY_ACTIVE_ARCH = YES;
				SDKROOT = iphoneos;
				SWIFT_ACTIVE_COMPILATION_CONDITIONS = DEBUG;
				SWIFT_OPTIMIZATION_LEVEL = "-Onone";
			};
			name = Debug;
		};
		9C9A19A027020FF800D5F080 /* Release */ = {
			isa = XCBuildConfiguration;
			buildSettings = {
				ALWAYS_SEARCH_USER_PATHS = NO;
				CLANG_ANALYZER_NONNULL = YES;
				CLANG_ANALYZER_NUMBER_OBJECT_CONVERSION = YES_AGGRESSIVE;
				CLANG_CXX_LANGUAGE_STANDARD = "gnu++17";
				CLANG_CXX_LIBRARY = "libc++";
				CLANG_ENABLE_MODULES = YES;
				CLANG_ENABLE_OBJC_ARC = YES;
				CLANG_ENABLE_OBJC_WEAK = YES;
				CLANG_WARN_BLOCK_CAPTURE_AUTORELEASING = YES;
				CLANG_WARN_BOOL_CONVERSION = YES;
				CLANG_WARN_COMMA = YES;
				CLANG_WARN_CONSTANT_CONVERSION = YES;
				CLANG_WARN_DEPRECATED_OBJC_IMPLEMENTATIONS = YES;
				CLANG_WARN_DIRECT_OBJC_ISA_USAGE = YES_ERROR;
				CLANG_WARN_DOCUMENTATION_COMMENTS = YES;
				CLANG_WARN_EMPTY_BODY = YES;
				CLANG_WARN_ENUM_CONVERSION = YES;
				CLANG_WARN_INFINITE_RECURSION = YES;
				CLANG_WARN_INT_CONVERSION = YES;
				CLANG_WARN_NON_LITERAL_NULL_CONVERSION = YES;
				CLANG_WARN_OBJC_IMPLICIT_RETAIN_SELF = YES;
				CLANG_WARN_OBJC_LITERAL_CONVERSION = YES;
				CLANG_WARN_OBJC_ROOT_CLASS = YES_ERROR;
				CLANG_WARN_QUOTED_INCLUDE_IN_FRAMEWORK_HEADER = YES;
				CLANG_WARN_RANGE_LOOP_ANALYSIS = YES;
				CLANG_WARN_STRICT_PROTOTYPES = YES;
				CLANG_WARN_SUSPICIOUS_MOVE = YES;
				CLANG_WARN_UNGUARDED_AVAILABILITY = YES_AGGRESSIVE;
				CLANG_WARN_UNREACHABLE_CODE = YES;
				CLANG_WARN__DUPLICATE_METHOD_MATCH = YES;
				COPY_PHASE_STRIP = NO;
				DEBUG_INFORMATION_FORMAT = "dwarf-with-dsym";
				ENABLE_NS_ASSERTIONS = NO;
				ENABLE_STRICT_OBJC_MSGSEND = YES;
				GCC_C_LANGUAGE_STANDARD = gnu11;
				GCC_NO_COMMON_BLOCKS = YES;
				GCC_WARN_64_TO_32_BIT_CONVERSION = YES;
				GCC_WARN_ABOUT_RETURN_TYPE = YES_ERROR;
				GCC_WARN_UNDECLARED_SELECTOR = YES;
				GCC_WARN_UNINITIALIZED_AUTOS = YES_AGGRESSIVE;
				GCC_WARN_UNUSED_FUNCTION = YES;
				GCC_WARN_UNUSED_VARIABLE = YES;
				IPHONEOS_DEPLOYMENT_TARGET = 15.0;
				MTL_ENABLE_DEBUG_INFO = NO;
				MTL_FAST_MATH = YES;
				SDKROOT = iphoneos;
				SWIFT_COMPILATION_MODE = wholemodule;
				SWIFT_OPTIMIZATION_LEVEL = "-O";
				VALIDATE_PRODUCT = YES;
			};
			name = Release;
		};
		9C9A19A227020FF800D5F080 /* Debug */ = {
			isa = XCBuildConfiguration;
			buildSettings = {
				ASSETCATALOG_COMPILER_APPICON_NAME = AppIcon;
				ASSETCATALOG_COMPILER_GLOBAL_ACCENT_COLOR_NAME = AccentColor;
				CODE_SIGN_STYLE = Automatic;
				CURRENT_PROJECT_VERSION = 1;
				DEVELOPMENT_TEAM = ZRWH9SZJA2;
				GENERATE_INFOPLIST_FILE = YES;
				INFOPLIST_FILE = GBShop/Environments/Info.plist;
				INFOPLIST_KEY_UIApplicationSupportsIndirectInputEvents = YES;
				INFOPLIST_KEY_UILaunchStoryboardName = LaunchScreen;
				INFOPLIST_KEY_UIMainStoryboardFile = Main;
				INFOPLIST_KEY_UISupportedInterfaceOrientations_iPad = "UIInterfaceOrientationPortrait UIInterfaceOrientationPortraitUpsideDown UIInterfaceOrientationLandscapeLeft UIInterfaceOrientationLandscapeRight";
				INFOPLIST_KEY_UISupportedInterfaceOrientations_iPhone = "UIInterfaceOrientationPortrait UIInterfaceOrientationLandscapeLeft UIInterfaceOrientationLandscapeRight";
				LD_RUNPATH_SEARCH_PATHS = (
					"$(inherited)",
					"@executable_path/Frameworks",
				);
				MARKETING_VERSION = 1.0;
				PRODUCT_BUNDLE_IDENTIFIER = gb.GBShop;
				PRODUCT_NAME = "$(TARGET_NAME)";
				SWIFT_EMIT_LOC_STRINGS = YES;
				SWIFT_VERSION = 5.0;
				TARGETED_DEVICE_FAMILY = "1,2";
			};
			name = Debug;
		};
		9C9A19A327020FF800D5F080 /* Release */ = {
			isa = XCBuildConfiguration;
			buildSettings = {
				ASSETCATALOG_COMPILER_APPICON_NAME = AppIcon;
				ASSETCATALOG_COMPILER_GLOBAL_ACCENT_COLOR_NAME = AccentColor;
				CODE_SIGN_STYLE = Automatic;
				CURRENT_PROJECT_VERSION = 1;
				DEVELOPMENT_TEAM = ZRWH9SZJA2;
				GENERATE_INFOPLIST_FILE = YES;
				INFOPLIST_FILE = GBShop/Environments/Info.plist;
				INFOPLIST_KEY_UIApplicationSupportsIndirectInputEvents = YES;
				INFOPLIST_KEY_UILaunchStoryboardName = LaunchScreen;
				INFOPLIST_KEY_UIMainStoryboardFile = Main;
				INFOPLIST_KEY_UISupportedInterfaceOrientations_iPad = "UIInterfaceOrientationPortrait UIInterfaceOrientationPortraitUpsideDown UIInterfaceOrientationLandscapeLeft UIInterfaceOrientationLandscapeRight";
				INFOPLIST_KEY_UISupportedInterfaceOrientations_iPhone = "UIInterfaceOrientationPortrait UIInterfaceOrientationLandscapeLeft UIInterfaceOrientationLandscapeRight";
				LD_RUNPATH_SEARCH_PATHS = (
					"$(inherited)",
					"@executable_path/Frameworks",
				);
				MARKETING_VERSION = 1.0;
				PRODUCT_BUNDLE_IDENTIFIER = gb.GBShop;
				PRODUCT_NAME = "$(TARGET_NAME)";
				SWIFT_EMIT_LOC_STRINGS = YES;
				SWIFT_VERSION = 5.0;
				TARGETED_DEVICE_FAMILY = "1,2";
			};
			name = Release;
		};
		9C9A19A527020FF800D5F080 /* Debug */ = {
			isa = XCBuildConfiguration;
			buildSettings = {
				ALWAYS_EMBED_SWIFT_STANDARD_LIBRARIES = YES;
				BUNDLE_LOADER = "$(TEST_HOST)";
				CODE_SIGN_STYLE = Automatic;
				CURRENT_PROJECT_VERSION = 1;
				DEVELOPMENT_TEAM = ZRWH9SZJA2;
				GENERATE_INFOPLIST_FILE = YES;
				IPHONEOS_DEPLOYMENT_TARGET = 15.0;
				LD_RUNPATH_SEARCH_PATHS = (
					"$(inherited)",
					"@executable_path/Frameworks",
					"@loader_path/Frameworks",
				);
				MARKETING_VERSION = 1.0;
				PRODUCT_BUNDLE_IDENTIFIER = gb.GBShopTests;
				PRODUCT_NAME = "$(TARGET_NAME)";
				SWIFT_EMIT_LOC_STRINGS = NO;
				SWIFT_VERSION = 5.0;
				TARGETED_DEVICE_FAMILY = "1,2";
				TEST_HOST = "$(BUILT_PRODUCTS_DIR)/GBShop.app/GBShop";
			};
			name = Debug;
		};
		9C9A19A627020FF800D5F080 /* Release */ = {
			isa = XCBuildConfiguration;
			buildSettings = {
				ALWAYS_EMBED_SWIFT_STANDARD_LIBRARIES = YES;
				BUNDLE_LOADER = "$(TEST_HOST)";
				CODE_SIGN_STYLE = Automatic;
				CURRENT_PROJECT_VERSION = 1;
				DEVELOPMENT_TEAM = ZRWH9SZJA2;
				GENERATE_INFOPLIST_FILE = YES;
				IPHONEOS_DEPLOYMENT_TARGET = 15.0;
				LD_RUNPATH_SEARCH_PATHS = (
					"$(inherited)",
					"@executable_path/Frameworks",
					"@loader_path/Frameworks",
				);
				MARKETING_VERSION = 1.0;
				PRODUCT_BUNDLE_IDENTIFIER = gb.GBShopTests;
				PRODUCT_NAME = "$(TARGET_NAME)";
				SWIFT_EMIT_LOC_STRINGS = NO;
				SWIFT_VERSION = 5.0;
				TARGETED_DEVICE_FAMILY = "1,2";
				TEST_HOST = "$(BUILT_PRODUCTS_DIR)/GBShop.app/GBShop";
			};
			name = Release;
		};
		9C9A19A827020FF800D5F080 /* Debug */ = {
			isa = XCBuildConfiguration;
			buildSettings = {
				ALWAYS_EMBED_SWIFT_STANDARD_LIBRARIES = YES;
				CODE_SIGN_STYLE = Automatic;
				CURRENT_PROJECT_VERSION = 1;
				DEVELOPMENT_TEAM = ZRWH9SZJA2;
				GENERATE_INFOPLIST_FILE = YES;
				LD_RUNPATH_SEARCH_PATHS = (
					"$(inherited)",
					"@executable_path/Frameworks",
					"@loader_path/Frameworks",
				);
				MARKETING_VERSION = 1.0;
				PRODUCT_BUNDLE_IDENTIFIER = gb.GBShopUITests;
				PRODUCT_NAME = "$(TARGET_NAME)";
				SWIFT_EMIT_LOC_STRINGS = NO;
				SWIFT_VERSION = 5.0;
				TARGETED_DEVICE_FAMILY = "1,2";
				TEST_TARGET_NAME = GBShop;
			};
			name = Debug;
		};
		9C9A19A927020FF800D5F080 /* Release */ = {
			isa = XCBuildConfiguration;
			buildSettings = {
				ALWAYS_EMBED_SWIFT_STANDARD_LIBRARIES = YES;
				CODE_SIGN_STYLE = Automatic;
				CURRENT_PROJECT_VERSION = 1;
				DEVELOPMENT_TEAM = ZRWH9SZJA2;
				GENERATE_INFOPLIST_FILE = YES;
				LD_RUNPATH_SEARCH_PATHS = (
					"$(inherited)",
					"@executable_path/Frameworks",
					"@loader_path/Frameworks",
				);
				MARKETING_VERSION = 1.0;
				PRODUCT_BUNDLE_IDENTIFIER = gb.GBShopUITests;
				PRODUCT_NAME = "$(TARGET_NAME)";
				SWIFT_EMIT_LOC_STRINGS = NO;
				SWIFT_VERSION = 5.0;
				TARGETED_DEVICE_FAMILY = "1,2";
				TEST_TARGET_NAME = GBShop;
			};
			name = Release;
		};
/* End XCBuildConfiguration section */

/* Begin XCConfigurationList section */
		9C9A197227020FF500D5F080 /* Build configuration list for PBXProject "GBShop" */ = {
			isa = XCConfigurationList;
			buildConfigurations = (
				9C9A199F27020FF800D5F080 /* Debug */,
				9C9A19A027020FF800D5F080 /* Release */,
			);
			defaultConfigurationIsVisible = 0;
			defaultConfigurationName = Release;
		};
		9C9A19A127020FF800D5F080 /* Build configuration list for PBXNativeTarget "GBShop" */ = {
			isa = XCConfigurationList;
			buildConfigurations = (
				9C9A19A227020FF800D5F080 /* Debug */,
				9C9A19A327020FF800D5F080 /* Release */,
			);
			defaultConfigurationIsVisible = 0;
			defaultConfigurationName = Release;
		};
		9C9A19A427020FF800D5F080 /* Build configuration list for PBXNativeTarget "GBShopTests" */ = {
			isa = XCConfigurationList;
			buildConfigurations = (
				9C9A19A527020FF800D5F080 /* Debug */,
				9C9A19A627020FF800D5F080 /* Release */,
			);
			defaultConfigurationIsVisible = 0;
			defaultConfigurationName = Release;
		};
		9C9A19A727020FF800D5F080 /* Build configuration list for PBXNativeTarget "GBShopUITests" */ = {
			isa = XCConfigurationList;
			buildConfigurations = (
				9C9A19A827020FF800D5F080 /* Debug */,
				9C9A19A927020FF800D5F080 /* Release */,
			);
			defaultConfigurationIsVisible = 0;
			defaultConfigurationName = Release;
		};
/* End XCConfigurationList section */

/* Begin XCRemoteSwiftPackageReference section */
		9CEDA5D02705987D00C802D2 /* XCRemoteSwiftPackageReference "Alamofire" */ = {
			isa = XCRemoteSwiftPackageReference;
			repositoryURL = "https://github.com/Alamofire/Alamofire.git";
			requirement = {
				kind = upToNextMajorVersion;
				minimumVersion = 5.0.0;
			};
		};
/* End XCRemoteSwiftPackageReference section */

/* Begin XCSwiftPackageProductDependency section */
		9CEDA5D12705987D00C802D2 /* Alamofire */ = {
			isa = XCSwiftPackageProductDependency;
			package = 9CEDA5D02705987D00C802D2 /* XCRemoteSwiftPackageReference "Alamofire" */;
			productName = Alamofire;
		};
/* End XCSwiftPackageProductDependency section */
	};
	rootObject = 9C9A196F27020FF500D5F080 /* Project object */;
}
